
Microsoft Visual Studio Solution File, Format Version 12.00
# Visual Studio Version 16
VisualStudioVersion = 16.0.33214.272
MinimumVisualStudioVersion = 10.0.40219.1
Project("{FAE04EC0-301F-11D3-BF4B-00C04F79EFBC}") = "OnlineMarketPlace", "OnlineMarketPlace\OnlineMarketPlace.csproj", "{251A0002-3375-47FF-BD2F-E3AB8BEC915A}"
EndProject
Global
	GlobalSection(SolutionConfigurationPlatforms) = preSolution
		Debug|Any CPU = Debug|Any CPU
		Release|Any CPU = Release|Any CPU
	EndGlobalSection
	GlobalSection(ProjectConfigurationPlatforms) = postSolution
		{251A0002-3375-47FF-BD2F-E3AB8BEC915A}.Debug|Any CPU.ActiveCfg = Debug|Any CPU
		{251A0002-3375-47FF-BD2F-E3AB8BEC915A}.Debug|Any CPU.Build.0 = Debug|Any CPU
		{251A0002-3375-47FF-BD2F-E3AB8BEC915A}.Release|Any CPU.ActiveCfg = Release|Any CPU
		{251A0002-3375-47FF-BD2F-E3AB8BEC915A}.Release|Any CPU.Build.0 = Release|Any CPU
	EndGlobalSection
	GlobalSection(SolutionProperties) = preSolution
		HideSolutionNode = FALSE
	EndGlobalSection
	GlobalSection(ExtensibilityGlobals) = postSolution
		SolutionGuid = {55010E38-6025-4031-AD9F-98745AE9F31D}
	EndGlobalSection
EndGlobal
